
Microsoft Visual Studio Solution File, Format Version 12.00
# Visual Studio 2017
Project("{FAE04EC0-301F-11D3-BF4B-00C04F79EFBC}") = "Terroristy Atakujom", "Terroristy Atakujom.csproj", "{48139D83-0BB7-FD4D-E051-57699FC090AF}"
EndProject
Project("{FAE04EC0-301F-11D3-BF4B-00C04F79EFBC}") = "Terroristy Atakujom.Editor", "Terroristy Atakujom.Editor.csproj", "{DBEBF1F8-6DAA-D4FF-3A19-49F61FDD8574}"
EndProject
Global
	GlobalSection(SolutionConfigurationPlatforms) = preSolution
		Debug|Any CPU = Debug|Any CPU
		Release|Any CPU = Release|Any CPU
	EndGlobalSection
	GlobalSection(ProjectConfigurationPlatforms) = postSolution
		{48139D83-0BB7-FD4D-E051-57699FC090AF}.Debug|Any CPU.ActiveCfg = Debug|Any CPU
		{48139D83-0BB7-FD4D-E051-57699FC090AF}.Debug|Any CPU.Build.0 = Debug|Any CPU
		{48139D83-0BB7-FD4D-E051-57699FC090AF}.Release|Any CPU.ActiveCfg = Release|Any CPU
		{48139D83-0BB7-FD4D-E051-57699FC090AF}.Release|Any CPU.Build.0 = Release|Any CPU
		{DBEBF1F8-6DAA-D4FF-3A19-49F61FDD8574}.Debug|Any CPU.ActiveCfg = Debug|Any CPU
		{DBEBF1F8-6DAA-D4FF-3A19-49F61FDD8574}.Debug|Any CPU.Build.0 = Debug|Any CPU
		{DBEBF1F8-6DAA-D4FF-3A19-49F61FDD8574}.Release|Any CPU.ActiveCfg = Release|Any CPU
		{DBEBF1F8-6DAA-D4FF-3A19-49F61FDD8574}.Release|Any CPU.Build.0 = Release|Any CPU
	EndGlobalSection
	GlobalSection(SolutionProperties) = preSolution
		HideSolutionNode = FALSE
	EndGlobalSection
EndGlobal
